
Microsoft Visual Studio Solution File, Format Version 12.00
# Visual Studio 14
VisualStudioVersion = 14.0.25123.0
MinimumVisualStudioVersion = 10.0.40219.1
Project("{8BC9CEB8-8B4A-11D0-8D11-00A0C91BC942}") = "GSLoader", "GSLoader\GSLoader.vcxproj", "{3CDAE94E-6112-4E87-967B-875A0886D384}"
EndProject
Project("{8BC9CEB8-8B4A-11D0-8D11-00A0C91BC942}") = "GSInjector", "GSInjector\GSInjector.vcxproj", "{93B2CA0B-6023-4069-A509-5D157B306BA9}"
EndProject
Project("{8BC9CEB8-8B4A-11D0-8D11-00A0C91BC942}") = "GSOX", "GSOX\GSOX.vcxproj", "{2831C57F-0748-4DDC-AE21-DD1ABE8B0EA1}"
	ProjectSection(ProjectDependencies) = postProject
		{93B2CA0B-6023-4069-A509-5D157B306BA9} = {93B2CA0B-6023-4069-A509-5D157B306BA9}
	EndProjectSection
EndProject
Project("{8BC9CEB8-8B4A-11D0-8D11-00A0C91BC942}") = "NML", "NML\NML.vcxproj", "{A992117B-8FF5-4877-8E82-CD2EB1319690}"
	ProjectSection(ProjectDependencies) = postProject
		{93B2CA0B-6023-4069-A509-5D157B306BA9} = {93B2CA0B-6023-4069-A509-5D157B306BA9}
		{E4F66019-9964-4B86-B538-E10F66124689} = {E4F66019-9964-4B86-B538-E10F66124689}
	EndProjectSection
EndProject
Project("{8BC9CEB8-8B4A-11D0-8D11-00A0C91BC942}") = "RemoteCommand", "dlltest\dlltest.vcxproj", "{ABF8CE7D-62FA-4020-8224-E23D7BB03189}"
	ProjectSection(ProjectDependencies) = postProject
		{E4F66019-9964-4B86-B538-E10F66124689} = {E4F66019-9964-4B86-B538-E10F66124689}
	EndProjectSection
EndProject
Project("{8BC9CEB8-8B4A-11D0-8D11-00A0C91BC942}") = "RemoteCommandSender", "RemoteCommandSender\RemoteCommandSender.vcxproj", "{AEF5E01C-5AFA-4474-9E09-73C8958A4274}"
	ProjectSection(ProjectDependencies) = postProject
		{E4F66019-9964-4B86-B538-E10F66124689} = {E4F66019-9964-4B86-B538-E10F66124689}
	EndProjectSection
EndProject
Project("{8BC9CEB8-8B4A-11D0-8D11-00A0C91BC942}") = "NatsuLib", "NatsuLib\NatsuLib.vcxproj", "{E4F66019-9964-4B86-B538-E10F66124689}"
EndProject
Project("{8BC9CEB8-8B4A-11D0-8D11-00A0C91BC942}") = "DxAPI", "DxAPI\DxAPI.vcxproj", "{77F19BF0-621E-47DC-891B-952B67C782AA}"
	ProjectSection(ProjectDependencies) = postProject
		{A992117B-8FF5-4877-8E82-CD2EB1319690} = {A992117B-8FF5-4877-8E82-CD2EB1319690}
	EndProjectSection
EndProject
Project("{2150E333-8FDC-42A3-9474-1A3956D46DE8}") = "Extern", "Extern", "{49C11012-499C-4AB2-AAB7-95CD33D04C91}"
EndProject
Project("{8BC9CEB8-8B4A-11D0-8D11-00A0C91BC942}") = "squirrel", "Squirrel\squirrel\squirrel.vcxproj", "{EC0B95BD-8C42-40F6-ABB0-2BC94D13A9D9}"
EndProject
Project("{8BC9CEB8-8B4A-11D0-8D11-00A0C91BC942}") = "sqstdlib", "Squirrel\sqstdlib\sqstdlib.vcxproj", "{B967386C-F60A-466C-A409-364F32BD214E}"
EndProject
Project("{8BC9CEB8-8B4A-11D0-8D11-00A0C91BC942}") = "zlib", "NatsuLib\extern\zlib\zlib.vcxproj", "{0BFBD1A8-5638-4B35-BA03-8DB47F921B9B}"
EndProject
Global
	GlobalSection(SolutionConfigurationPlatforms) = preSolution
		Debug|Win32 = Debug|Win32
		Debug|x64 = Debug|x64
		Release|Win32 = Release|Win32
		Release|x64 = Release|x64
		Template|Win32 = Template|Win32
		Template|x64 = Template|x64
	EndGlobalSection
	GlobalSection(ProjectConfigurationPlatforms) = postSolution
		{3CDAE94E-6112-4E87-967B-875A0886D384}.Debug|Win32.ActiveCfg = Debug|Win32
		{3CDAE94E-6112-4E87-967B-875A0886D384}.Debug|Win32.Build.0 = Debug|Win32
		{3CDAE94E-6112-4E87-967B-875A0886D384}.Debug|x64.ActiveCfg = Debug|Win32
		{3CDAE94E-6112-4E87-967B-875A0886D384}.Release|Win32.ActiveCfg = Release|Win32
		{3CDAE94E-6112-4E87-967B-875A0886D384}.Release|Win32.Build.0 = Release|Win32
		{3CDAE94E-6112-4E87-967B-875A0886D384}.Release|x64.ActiveCfg = Release|Win32
		{3CDAE94E-6112-4E87-967B-875A0886D384}.Template|Win32.ActiveCfg = Release|Win32
		{3CDAE94E-6112-4E87-967B-875A0886D384}.Template|Win32.Build.0 = Release|Win32
		{3CDAE94E-6112-4E87-967B-875A0886D384}.Template|x64.ActiveCfg = Release|Win32
		{3CDAE94E-6112-4E87-967B-875A0886D384}.Template|x64.Build.0 = Release|Win32
		{93B2CA0B-6023-4069-A509-5D157B306BA9}.Debug|Win32.ActiveCfg = Debug|Win32
		{93B2CA0B-6023-4069-A509-5D157B306BA9}.Debug|Win32.Build.0 = Debug|Win32
		{93B2CA0B-6023-4069-A509-5D157B306BA9}.Debug|x64.ActiveCfg = Debug|Win32
		{93B2CA0B-6023-4069-A509-5D157B306BA9}.Release|Win32.ActiveCfg = Release|Win32
		{93B2CA0B-6023-4069-A509-5D157B306BA9}.Release|Win32.Build.0 = Release|Win32
		{93B2CA0B-6023-4069-A509-5D157B306BA9}.Release|x64.ActiveCfg = Release|Win32
		{93B2CA0B-6023-4069-A509-5D157B306BA9}.Template|Win32.ActiveCfg = Release|Win32
		{93B2CA0B-6023-4069-A509-5D157B306BA9}.Template|Win32.Build.0 = Release|Win32
		{93B2CA0B-6023-4069-A509-5D157B306BA9}.Template|x64.ActiveCfg = Release|Win32
		{93B2CA0B-6023-4069-A509-5D157B306BA9}.Template|x64.Build.0 = Release|Win32
		{2831C57F-0748-4DDC-AE21-DD1ABE8B0EA1}.Debug|Win32.ActiveCfg = Debug|Win32
		{2831C57F-0748-4DDC-AE21-DD1ABE8B0EA1}.Debug|Win32.Build.0 = Debug|Win32
		{2831C57F-0748-4DDC-AE21-DD1ABE8B0EA1}.Debug|x64.ActiveCfg = Debug|Win32
		{2831C57F-0748-4DDC-AE21-DD1ABE8B0EA1}.Release|Win32.ActiveCfg = Release|Win32
		{2831C57F-0748-4DDC-AE21-DD1ABE8B0EA1}.Release|Win32.Build.0 = Release|Win32
		{2831C57F-0748-4DDC-AE21-DD1ABE8B0EA1}.Release|x64.ActiveCfg = Release|Win32
		{2831C57F-0748-4DDC-AE21-DD1ABE8B0EA1}.Template|Win32.ActiveCfg = Release|Win32
		{2831C57F-0748-4DDC-AE21-DD1ABE8B0EA1}.Template|Win32.Build.0 = Release|Win32
		{2831C57F-0748-4DDC-AE21-DD1ABE8B0EA1}.Template|x64.ActiveCfg = Release|Win32
		{2831C57F-0748-4DDC-AE21-DD1ABE8B0EA1}.Template|x64.Build.0 = Release|Win32
		{A992117B-8FF5-4877-8E82-CD2EB1319690}.Debug|Win32.ActiveCfg = Debug|Win32
		{A992117B-8FF5-4877-8E82-CD2EB1319690}.Debug|Win32.Build.0 = Debug|Win32
		{A992117B-8FF5-4877-8E82-CD2EB1319690}.Debug|x64.ActiveCfg = Debug|Win32
		{A992117B-8FF5-4877-8E82-CD2EB1319690}.Release|Win32.ActiveCfg = Release|Win32
		{A992117B-8FF5-4877-8E82-CD2EB1319690}.Release|Win32.Build.0 = Release|Win32
		{A992117B-8FF5-4877-8E82-CD2EB1319690}.Release|x64.ActiveCfg = Release|Win32
		{A992117B-8FF5-4877-8E82-CD2EB1319690}.Template|Win32.ActiveCfg = Release|Win32
		{A992117B-8FF5-4877-8E82-CD2EB1319690}.Template|Win32.Build.0 = Release|Win32
		{A992117B-8FF5-4877-8E82-CD2EB1319690}.Template|x64.ActiveCfg = Release|Win32
		{A992117B-8FF5-4877-8E82-CD2EB1319690}.Template|x64.Build.0 = Release|Win32
		{ABF8CE7D-62FA-4020-8224-E23D7BB03189}.Debug|Win32.ActiveCfg = Debug|Win32
		{ABF8CE7D-62FA-4020-8224-E23D7BB03189}.Debug|Win32.Build.0 = Debug|Win32
		{ABF8CE7D-62FA-4020-8224-E23D7BB03189}.Debug|x64.ActiveCfg = Debug|Win32
		{ABF8CE7D-62FA-4020-8224-E23D7BB03189}.Release|Win32.ActiveCfg = Release|Win32
		{ABF8CE7D-62FA-4020-8224-E23D7BB03189}.Release|Win32.Build.0 = Release|Win32
		{ABF8CE7D-62FA-4020-8224-E23D7BB03189}.Release|x64.ActiveCfg = Release|Win32
		{ABF8CE7D-62FA-4020-8224-E23D7BB03189}.Template|Win32.ActiveCfg = Release|Win32
		{ABF8CE7D-62FA-4020-8224-E23D7BB03189}.Template|Win32.Build.0 = Release|Win32
		{ABF8CE7D-62FA-4020-8224-E23D7BB03189}.Template|x64.ActiveCfg = Release|Win32
		{ABF8CE7D-62FA-4020-8224-E23D7BB03189}.Template|x64.Build.0 = Release|Win32
		{AEF5E01C-5AFA-4474-9E09-73C8958A4274}.Debug|Win32.ActiveCfg = Debug|Win32
		{AEF5E01C-5AFA-4474-9E09-73C8958A4274}.Debug|Win32.Build.0 = Debug|Win32
		{AEF5E01C-5AFA-4474-9E09-73C8958A4274}.Debug|x64.ActiveCfg = Debug|Win32
		{AEF5E01C-5AFA-4474-9E09-73C8958A4274}.Release|Win32.ActiveCfg = Release|Win32
		{AEF5E01C-5AFA-4474-9E09-73C8958A4274}.Release|Win32.Build.0 = Release|Win32
		{AEF5E01C-5AFA-4474-9E09-73C8958A4274}.Release|x64.ActiveCfg = Release|Win32
		{AEF5E01C-5AFA-4474-9E09-73C8958A4274}.Template|Win32.ActiveCfg = Release|Win32
		{AEF5E01C-5AFA-4474-9E09-73C8958A4274}.Template|Win32.Build.0 = Release|Win32
		{AEF5E01C-5AFA-4474-9E09-73C8958A4274}.Template|x64.ActiveCfg = Release|Win32
		{AEF5E01C-5AFA-4474-9E09-73C8958A4274}.Template|x64.Build.0 = Release|Win32
		{E4F66019-9964-4B86-B538-E10F66124689}.Debug|Win32.ActiveCfg = Debug|Win32
		{E4F66019-9964-4B86-B538-E10F66124689}.Debug|Win32.Build.0 = Debug|Win32
		{E4F66019-9964-4B86-B538-E10F66124689}.Debug|x64.ActiveCfg = Debug|Win32
		{E4F66019-9964-4B86-B538-E10F66124689}.Release|Win32.ActiveCfg = Release|Win32
		{E4F66019-9964-4B86-B538-E10F66124689}.Release|Win32.Build.0 = Release|Win32
		{E4F66019-9964-4B86-B538-E10F66124689}.Release|x64.ActiveCfg = Release|Win32
		{E4F66019-9964-4B86-B538-E10F66124689}.Template|Win32.ActiveCfg = Release|Win32
		{E4F66019-9964-4B86-B538-E10F66124689}.Template|Win32.Build.0 = Release|Win32
		{E4F66019-9964-4B86-B538-E10F66124689}.Template|x64.ActiveCfg = Release|x64
		{E4F66019-9964-4B86-B538-E10F66124689}.Template|x64.Build.0 = Release|x64
		{77F19BF0-621E-47DC-891B-952B67C782AA}.Debug|Win32.ActiveCfg = Debug|Win32
		{77F19BF0-621E-47DC-891B-952B67C782AA}.Debug|Win32.Build.0 = Debug|Win32
		{77F19BF0-621E-47DC-891B-952B67C782AA}.Debug|x64.ActiveCfg = Debug|x64
		{77F19BF0-621E-47DC-891B-952B67C782AA}.Debug|x64.Build.0 = Debug|x64
		{77F19BF0-621E-47DC-891B-952B67C782AA}.Release|Win32.ActiveCfg = Release|Win32
		{77F19BF0-621E-47DC-891B-952B67C782AA}.Release|Win32.Build.0 = Release|Win32
		{77F19BF0-621E-47DC-891B-952B67C782AA}.Release|x64.ActiveCfg = Release|x64
		{77F19BF0-621E-47DC-891B-952B67C782AA}.Release|x64.Build.0 = Release|x64
		{77F19BF0-621E-47DC-891B-952B67C782AA}.Template|Win32.ActiveCfg = Release|Win32
		{77F19BF0-621E-47DC-891B-952B67C782AA}.Template|Win32.Build.0 = Release|Win32
		{77F19BF0-621E-47DC-891B-952B67C782AA}.Template|x64.ActiveCfg = Release|x64
		{77F19BF0-621E-47DC-891B-952B67C782AA}.Template|x64.Build.0 = Release|x64
		{EC0B95BD-8C42-40F6-ABB0-2BC94D13A9D9}.Debug|Win32.ActiveCfg = Debug|Win32
		{EC0B95BD-8C42-40F6-ABB0-2BC94D13A9D9}.Debug|Win32.Build.0 = Debug|Win32
		{EC0B95BD-8C42-40F6-ABB0-2BC94D13A9D9}.Debug|x64.ActiveCfg = Debug|Win32
		{EC0B95BD-8C42-40F6-ABB0-2BC94D13A9D9}.Release|Win32.ActiveCfg = Release|Win32
		{EC0B95BD-8C42-40F6-ABB0-2BC94D13A9D9}.Release|Win32.Build.0 = Release|Win32
		{EC0B95BD-8C42-40F6-ABB0-2BC94D13A9D9}.Release|x64.ActiveCfg = Release|Win32
		{EC0B95BD-8C42-40F6-ABB0-2BC94D13A9D9}.Template|Win32.ActiveCfg = Template|Win32
		{EC0B95BD-8C42-40F6-ABB0-2BC94D13A9D9}.Template|Win32.Build.0 = Template|Win32
		{EC0B95BD-8C42-40F6-ABB0-2BC94D13A9D9}.Template|x64.ActiveCfg = Template|Win32
		{B967386C-F60A-466C-A409-364F32BD214E}.Debug|Win32.ActiveCfg = Debug|Win32
		{B967386C-F60A-466C-A409-364F32BD214E}.Debug|Win32.Build.0 = Debug|Win32
		{B967386C-F60A-466C-A409-364F32BD214E}.Debug|x64.ActiveCfg = Debug|Win32
		{B967386C-F60A-466C-A409-364F32BD214E}.Release|Win32.ActiveCfg = Release|Win32
		{B967386C-F60A-466C-A409-364F32BD214E}.Release|Win32.Build.0 = Release|Win32
		{B967386C-F60A-466C-A409-364F32BD214E}.Release|x64.ActiveCfg = Release|Win32
		{B967386C-F60A-466C-A409-364F32BD214E}.Template|Win32.ActiveCfg = Template|Win32
		{B967386C-F60A-466C-A409-364F32BD214E}.Template|Win32.Build.0 = Template|Win32
		{B967386C-F60A-466C-A409-364F32BD214E}.Template|x64.ActiveCfg = Template|Win32
		{0BFBD1A8-5638-4B35-BA03-8DB47F921B9B}.Debug|Win32.ActiveCfg = Debug|Win32
		{0BFBD1A8-5638-4B35-BA03-8DB47F921B9B}.Debug|Win32.Build.0 = Debug|Win32
		{0BFBD1A8-5638-4B35-BA03-8DB47F921B9B}.Debug|x64.ActiveCfg = Debug|x64
		{0BFBD1A8-5638-4B35-BA03-8DB47F921B9B}.Debug|x64.Build.0 = Debug|x64
		{0BFBD1A8-5638-4B35-BA03-8DB47F921B9B}.Release|Win32.ActiveCfg = Release|Win32
		{0BFBD1A8-5638-4B35-BA03-8DB47F921B9B}.Release|Win32.Build.0 = Release|Win32
		{0BFBD1A8-5638-4B35-BA03-8DB47F921B9B}.Release|x64.ActiveCfg = Release|x64
		{0BFBD1A8-5638-4B35-BA03-8DB47F921B9B}.Release|x64.Build.0 = Release|x64
		{0BFBD1A8-5638-4B35-BA03-8DB47F921B9B}.Template|Win32.ActiveCfg = Release|Win32
		{0BFBD1A8-5638-4B35-BA03-8DB47F921B9B}.Template|Win32.Build.0 = Release|Win32
		{0BFBD1A8-5638-4B35-BA03-8DB47F921B9B}.Template|x64.ActiveCfg = Release|x64
		{0BFBD1A8-5638-4B35-BA03-8DB47F921B9B}.Template|x64.Build.0 = Release|x64
	EndGlobalSection
	GlobalSection(SolutionProperties) = preSolution
		HideSolutionNode = FALSE
	EndGlobalSection
	GlobalSection(NestedProjects) = preSolution
		{EC0B95BD-8C42-40F6-ABB0-2BC94D13A9D9} = {49C11012-499C-4AB2-AAB7-95CD33D04C91}
		{B967386C-F60A-466C-A409-364F32BD214E} = {49C11012-499C-4AB2-AAB7-95CD33D04C91}
		{0BFBD1A8-5638-4B35-BA03-8DB47F921B9B} = {49C11012-499C-4AB2-AAB7-95CD33D04C91}
	EndGlobalSection
EndGlobal
